
Microsoft Visual Studio Solution File, Format Version 12.00
# Visual Studio Version 17
VisualStudioVersion = 17.10.35122.118
MinimumVisualStudioVersion = 10.0.40219.1
Project("{FAE04EC0-301F-11D3-BF4B-00C04F79EFBC}") = "instaDM", "instaDM.csproj", "{CFBB3C48-D56B-42B4-999E-A23FF99695EC}"
EndProject
Global
	GlobalSection(SolutionConfigurationPlatforms) = preSolution
		Debug|Any CPU = Debug|Any CPU
		Release|Any CPU = Release|Any CPU
	EndGlobalSection
	GlobalSection(ProjectConfigurationPlatforms) = postSolution
		{CFBB3C48-D56B-42B4-999E-A23FF99695EC}.Debug|Any CPU.ActiveCfg = Debug|Any CPU
		{CFBB3C48-D56B-42B4-999E-A23FF99695EC}.Debug|Any CPU.Build.0 = Debug|Any CPU
		{CFBB3C48-D56B-42B4-999E-A23FF99695EC}.Release|Any CPU.ActiveCfg = Release|Any CPU
		{CFBB3C48-D56B-42B4-999E-A23FF99695EC}.Release|Any CPU.Build.0 = Release|Any CPU
	EndGlobalSection
	GlobalSection(SolutionProperties) = preSolution
		HideSolutionNode = FALSE
	EndGlobalSection
	GlobalSection(ExtensibilityGlobals) = postSolution
		SolutionGuid = {CB8F9801-A384-45E0-97CD-AA85D8741810}
	EndGlobalSection
EndGlobal
